Microsoft Visual Studio Solution File, Format Version 12.00
# Visual Studio Version 17
VisualStudioVersion = 17.5.2.0
MinimumVisualStudioVersion = 10.0.40219.1
Project("{FAE04EC0-301F-11D3-BF4B-00C04F79EFBC}") = "Gestor", "Gestor.csproj", "{6129B97D-17FF-C90D-3098-B142E6CDCD91}"
EndProject
Global
	GlobalSection(SolutionConfigurationPlatforms) = preSolution
		Debug|Any CPU = Debug|Any CPU
		Release|Any CPU = Release|Any CPU
	EndGlobalSection
	GlobalSection(ProjectConfigurationPlatforms) = postSolution
		{6129B97D-17FF-C90D-3098-B142E6CDCD91}.Debug|Any CPU.ActiveCfg = Debug|Any CPU
		{6129B97D-17FF-C90D-3098-B142E6CDCD91}.Debug|Any CPU.Build.0 = Debug|Any CPU
		{6129B97D-17FF-C90D-3098-B142E6CDCD91}.Release|Any CPU.ActiveCfg = Release|Any CPU
		{6129B97D-17FF-C90D-3098-B142E6CDCD91}.Release|Any CPU.Build.0 = Release|Any CPU
	EndGlobalSection
	GlobalSection(SolutionProperties) = preSolution
		HideSolutionNode = FALSE
	EndGlobalSection
	GlobalSection(ExtensibilityGlobals) = postSolution
		SolutionGuid = {8931D68C-B28B-4D7B-AD05-9811018E5D89}
	EndGlobalSection
EndGlobal
